
Microsoft Visual Studio Solution File, Format Version 12.00
# Visual Studio 15
VisualStudioVersion = 15.0.28010.2048
MinimumVisualStudioVersion = 10.0.40219.1
Project("{FAE04EC0-301F-11D3-BF4B-00C04F79EFBC}") = "DripDotNet-vs2015", "DripDotNet\DripDotNet-vs2015.csproj", "{0F51BE53-6559-4234-B488-093DB05BCC20}"
EndProject
Project("{2150E333-8FDC-42A3-9474-1A3956D46DE8}") = "Solution Items", "Solution Items", "{D7FB8394-22CF-46F3-B5F7-C16051255B02}"
	ProjectSection(SolutionItems) = preProject
		README.md = README.md
	EndProjectSection
EndProject
Project("{FAE04EC0-301F-11D3-BF4B-00C04F79EFBC}") = "DripDotNetTests-vs2015", "DripDotNetTests\DripDotNetTests-vs2015.csproj", "{ADA31E20-9A05-4C22-86E6-C1DD2EA1BEC7}"
EndProject
Project("{9A19103F-16F7-4668-BE54-9A1E7A4F7556}") = "DripDotNet", "DripDotNet\DripDotNet.csproj", "{ADAB9D70-EEBA-4B0C-A359-C431556E67D4}"
EndProject
Global
	GlobalSection(SolutionConfigurationPlatforms) = preSolution
		Debug|Any CPU = Debug|Any CPU
		Release|Any CPU = Release|Any CPU
	EndGlobalSection
	GlobalSection(ProjectConfigurationPlatforms) = postSolution
		{0F51BE53-6559-4234-B488-093DB05BCC20}.Debug|Any CPU.ActiveCfg = Debug|Any CPU
		{0F51BE53-6559-4234-B488-093DB05BCC20}.Debug|Any CPU.Build.0 = Debug|Any CPU
		{0F51BE53-6559-4234-B488-093DB05BCC20}.Release|Any CPU.ActiveCfg = Release|Any CPU
		{0F51BE53-6559-4234-B488-093DB05BCC20}.Release|Any CPU.Build.0 = Release|Any CPU
		{ADA31E20-9A05-4C22-86E6-C1DD2EA1BEC7}.Debug|Any CPU.ActiveCfg = Debug|Any CPU
		{ADA31E20-9A05-4C22-86E6-C1DD2EA1BEC7}.Debug|Any CPU.Build.0 = Debug|Any CPU
		{ADA31E20-9A05-4C22-86E6-C1DD2EA1BEC7}.Release|Any CPU.ActiveCfg = Release|Any CPU
		{ADA31E20-9A05-4C22-86E6-C1DD2EA1BEC7}.Release|Any CPU.Build.0 = Release|Any CPU
		{ADAB9D70-EEBA-4B0C-A359-C431556E67D4}.Debug|Any CPU.ActiveCfg = Debug|Any CPU
		{ADAB9D70-EEBA-4B0C-A359-C431556E67D4}.Debug|Any CPU.Build.0 = Debug|Any CPU
		{ADAB9D70-EEBA-4B0C-A359-C431556E67D4}.Release|Any CPU.ActiveCfg = Release|Any CPU
		{ADAB9D70-EEBA-4B0C-A359-C431556E67D4}.Release|Any CPU.Build.0 = Release|Any CPU
	EndGlobalSection
	GlobalSection(SolutionProperties) = preSolution
		HideSolutionNode = FALSE
	EndGlobalSection
	GlobalSection(ExtensibilityGlobals) = postSolution
		SolutionGuid = {387D386F-4B41-43AC-BBF8-5012A8DF791C}
	EndGlobalSection
EndGlobal
